
Microsoft Visual Studio Solution File, Format Version 12.00
# Visual Studio Version 16
VisualStudioVersion = 16.0.29509.3
MinimumVisualStudioVersion = 10.0.40219.1
Project("{FAE04EC0-301F-11D3-BF4B-00C04F79EFBC}") = "DatingApp.API", "DatingApp.API\DatingApp.API.csproj", "{87C1F697-384A-4858-A491-E2A79F71DFC1}"
EndProject
Global
	GlobalSection(SolutionConfigurationPlatforms) = preSolution
		Debug|Any CPU = Debug|Any CPU
		Release|Any CPU = Release|Any CPU
	EndGlobalSection
	GlobalSection(ProjectConfigurationPlatforms) = postSolution
		{87C1F697-384A-4858-A491-E2A79F71DFC1}.Debug|Any CPU.ActiveCfg = Debug|Any CPU
		{87C1F697-384A-4858-A491-E2A79F71DFC1}.Debug|Any CPU.Build.0 = Debug|Any CPU
		{87C1F697-384A-4858-A491-E2A79F71DFC1}.Release|Any CPU.ActiveCfg = Release|Any CPU
		{87C1F697-384A-4858-A491-E2A79F71DFC1}.Release|Any CPU.Build.0 = Release|Any CPU
	EndGlobalSection
	GlobalSection(SolutionProperties) = preSolution
		HideSolutionNode = FALSE
	EndGlobalSection
	GlobalSection(ExtensibilityGlobals) = postSolution
		SolutionGuid = {E7EA112F-C95C-4DB1-8BEF-9FCFA0DA0623}
	EndGlobalSection
EndGlobal
